// !$*UTF8*$!
{
	archiveVersion = 1;
	classes = {
	};
	objectVersion = 48;
	objects = {

/* Begin PBXBuildFile section */
		D60069F9200515CA008CC061 /* BluetoothManager.swift in Sources */ = {isa = PBXBuildFile; fileRef = D60069F8200515CA008CC061 /* BluetoothManager.swift */; };
		D668B5B92004182C001A29FE /* Logger.swift in Sources */ = {isa = PBXBuildFile; fileRef = D668B5B82004182C001A29FE /* Logger.swift */; };
		D668B5BB200418C6001A29FE /* BeaconManager.swift in Sources */ = {isa = PBXBuildFile; fileRef = D668B5BA200418C6001A29FE /* BeaconManager.swift */; };
		D6D4912C2003CB4F001A01D1 /* AppDelegate.swift in Sources */ = {isa = PBXBuildFile; fileRef = D6D4912B2003CB4F001A01D1 /* AppDelegate.swift */; };
		D6D4912E2003CB4F001A01D1 /* ViewController.swift in Sources */ = {isa = PBXBuildFile; fileRef = D6D4912D2003CB4F001A01D1 /* ViewController.swift */; };
		D6D491312003CB4F001A01D1 /* Main.storyboard in Resources */ = {isa = PBXBuildFile; fileRef = D6D4912F2003CB4F001A01D1 /* Main.storyboard */; };
		D6D491332003CB4F001A01D1 /* Assets.xcassets in Resources */ = {isa = PBXBuildFile; fileRef = D6D491322003CB4F001A01D1 /* Assets.xcassets */; };
		D6D491362003CB4F001A01D1 /* LaunchScreen.storyboard in Resources */ = {isa = PBXBuildFile; fileRef = D6D491342003CB4F001A01D1 /* LaunchScreen.storyboard */; };
/* End PBXBuildFile section */

/* Begin PBXFileReference section */
		D60069F8200515CA008CC061 /* BluetoothManager.swift */ = {isa = PBXFileReference; lastKnownFileType = sourcecode.swift; path = BluetoothManager.swift; sourceTree = "<group>"; };
		D668B5B82004182C001A29FE /* Logger.swift */ = {isa = PBXFileReference; lastKnownFileType = sourcecode.swift; path = Logger.swift; sourceTree = "<group>"; };
		D668B5BA200418C6001A29FE /* BeaconManager.swift */ = {isa = PBXFileReference; lastKnownFileType = sourcecode.swift; path = BeaconManager.swift; sourceTree = "<group>"; };
		D6D491282003CB4F001A01D1 /* Pingee.app */ = {isa = PBXFileReference; explicitFileType = wrapper.application; includeInIndex = 0; path = Pingee.app; sourceTree = BUILT_PRODUCTS_DIR; };
		D6D4912B2003CB4F001A01D1 /* AppDelegate.swift */ = {isa = PBXFileReference; lastKnownFileType = sourcecode.swift; path = AppDelegate.swift; sourceTree = "<group>"; };
		D6D4912D2003CB4F001A01D1 /* ViewController.swift */ = {isa = PBXFileReference; lastKnownFileType = sourcecode.swift; path = ViewController.swift; sourceTree = "<group>"; };
		D6D491302003CB4F001A01D1 /* Base */ = {isa = PBXFileReference; lastKnownFileType = file.storyboard; name = Base; path = Base.lproj/Main.storyboard; sourceTree = "<group>"; };
		D6D491322003CB4F001A01D1 /* Assets.xcassets */ = {isa = PBXFileReference; lastKnownFileType = folder.assetcatalog; path = Assets.xcassets; sourceTree = "<group>"; };
		D6D491352003CB4F001A01D1 /* Base */ = {isa = PBXFileReference; lastKnownFileType = file.storyboard; name = Base; path = Base.lproj/LaunchScreen.storyboard; sourceTree = "<group>"; };
		D6D491372003CB4F001A01D1 /* Info.plist */ = {isa = PBXFileReference; lastKnownFileType = text.plist.xml; path = Info.plist; sourceTree = "<group>"; };
/* End PBXFileReference section */

/* Begin PBXFrameworksBuildPhase section */
		D6D491252003CB4F001A01D1 /* Frameworks */ = {
			isa = PBXFrameworksBuildPhase;
			buildActionMask = 2147483647;
			files = (
			);
			runOnlyForDeploymentPostprocessing = 0;
		};
/* End PBXFrameworksBuildPhase section */

/* Begin PBXGroup section */
		D6D4911F2003CB4F001A01D1 = {
			isa = PBXGroup;
			children = (
				D6D4912A2003CB4F001A01D1 /* Pingee */,
				D6D491292003CB4F001A01D1 /* Products */,
			);
			sourceTree = "<group>";
		};
		D6D491292003CB4F001A01D1 /* Products */ = {
			isa = PBXGroup;
			children = (
				D6D491282003CB4F001A01D1 /* Pingee.app */,
			);
			name = Products;
			sourceTree = "<group>";
		};
		D6D4912A2003CB4F001A01D1 /* Pingee */ = {
			isa = PBXGroup;
			children = (
				D668B5B82004182C001A29FE /* Logger.swift */,
				D668B5BA200418C6001A29FE /* BeaconManager.swift */,
				D60069F8200515CA008CC061 /* BluetoothManager.swift */,
				D6D4912B2003CB4F001A01D1 /* AppDelegate.swift */,
				D6D4912D2003CB4F001A01D1 /* ViewController.swift */,
				D6D4912F2003CB4F001A01D1 /* Main.storyboard */,
				D6D491322003CB4F001A01D1 /* Assets.xcassets */,
				D6D491342003CB4F001A01D1 /* LaunchScreen.storyboard */,
				D6D491372003CB4F001A01D1 /* Info.plist */,
			);
			path = Pingee;
			sourceTree = "<group>";
		};
/* End PBXGroup section */

/* Begin PBXNativeTarget section */
		D6D491272003CB4F001A01D1 /* Pingee */ = {
			isa = PBXNativeTarget;
			buildConfigurationList = D6D4913A2003CB4F001A01D1 /* Build configuration list for PBXNativeTarget "Pingee" */;
			buildPhases = (
				D6D491242003CB4F001A01D1 /* Sources */,
				D6D491252003CB4F001A01D1 /* Frameworks */,
				D6D491262003CB4F001A01D1 /* Resources */,
			);
			buildRules = (
			);
			dependencies = (
			);
			name = Pingee;
			productName = Pingee;
			productReference = D6D491282003CB4F001A01D1 /* Pingee.app */;
			productType = "com.apple.product-type.application";
		};
/* End PBXNativeTarget section */

/* Begin PBXProject section */
		D6D491202003CB4F001A01D1 /* Project object */ = {
			isa = PBXProject;
			attributes = {
				LastSwiftUpdateCheck = 0920;
				LastUpgradeCheck = 0920;
				ORGANIZATIONNAME = Imprivata;
				TargetAttributes = {
					D6D491272003CB4F001A01D1 = {
						CreatedOnToolsVersion = 9.2;
						ProvisioningStyle = Automatic;
						SystemCapabilities = {
							com.apple.BackgroundModes = {
								enabled = 1;
							};
						};
					};
				};
			};
			buildConfigurationList = D6D491232003CB4F001A01D1 /* Build configuration list for PBXProject "Pingee" */;
			compatibilityVersion = "Xcode 8.0";
			developmentRegion = en;
			hasScannedForEncodings = 0;
			knownRegions = (
				en,
				Base,
			);
			mainGroup = D6D4911F2003CB4F001A01D1;
			productRefGroup = D6D491292003CB4F001A01D1 /* Products */;
			projectDirPath = "";
			projectRoot = "";
			targets = (
				D6D491272003CB4F001A01D1 /* Pingee */,
			);
		};
/* End PBXProject section */

/* Begin PBXResourcesBuildPhase section */
		D6D491262003CB4F001A01D1 /* Resources */ = {
			isa = PBXResourcesBuildPhase;
			buildActionMask = 2147483647;
			files = (
				D6D491362003CB4F001A01D1 /* LaunchScreen.storyboard in Resources */,
				D6D491332003CB4F001A01D1 /* Assets.xcassets in Resources */,
				D6D491312003CB4F001A01D1 /* Main.storyboard in Resources */,
			);
			runOnlyForDeploymentPostprocessing = 0;
		};
/* End PBXResourcesBuildPhase section */

/* Begin PBXSourcesBuildPhase section */
		D6D491242003CB4F001A01D1 /* Sources */ = {
			isa = PBXSourcesBuildPhase;
			buildActionMask = 2147483647;
			files = (
				D6D4912E2003CB4F001A01D1 /* ViewController.swift in Sources */,
				D668B5BB200418C6001A29FE /* BeaconManager.swift in Sources */,
				D668B5B92004182C001A29FE /* Logger.swift in Sources */,
				D6D4912C2003CB4F001A01D1 /* AppDelegate.swift in Sources */,
				D60069F9200515CA008CC061 /* BluetoothManager.swift in Sources */,
			);
			runOnlyForDeploymentPostprocessing = 0;
		};
/* End PBXSourcesBuildPhase section */

/* Begin PBXVariantGroup section */
		D6D4912F2003CB4F001A01D1 /* Main.storyboard */ = {
			isa = PBXVariantGroup;
			children = (
				D6D491302003CB4F001A01D1 /* Base */,
			);
			name = Main.storyboard;
			sourceTree = "<group>";
		};
		D6D491342003CB4F001A01D1 /* LaunchScreen.storyboard */ = {
			isa = PBXVariantGroup;
			children = (
				D6D491352003CB4F001A01D1 /* Base */,
			);
			name = LaunchScreen.storyboard;
			sourceTree = "<group>";
		};
/* End PBXVariantGroup section */

/* Begin XCBuildConfiguration section */
		D6D491382003CB4F001A01D1 /* Debug */ = {
			isa = XCBuildConfiguration;
			buildSettings = {
				ALWAYS_SEARCH_USER_PATHS = NO;
				CLANG_ANALYZER_NONNULL = YES;
				CLANG_ANALYZER_NUMBER_OBJECT_CONVERSION = YES_AGGRESSIVE;
				CLANG_CXX_LANGUAGE_STANDARD = "gnu++14";
				CLANG_CXX_LIBRARY = "libc++";
				CLANG_ENABLE_MODULES = YES;
				CLANG_ENABLE_OBJC_ARC = YES;
				CLANG_WARN_BLOCK_CAPTURE_AUTORELEASING = YES;
				CLANG_WARN_BOOL_CONVERSION = YES;
				CLANG_WARN_COMMA = YES;
				CLANG_WARN_CONSTANT_CONVERSION = YES;
				CLANG_WARN_DIRECT_OBJC_ISA_USAGE = YES_ERROR;
				CLANG_WARN_DOCUMENTATION_COMMENTS = YES;
				CLANG_WARN_EMPTY_BODY = YES;
				CLANG_WARN_ENUM_CONVERSION = YES;
				CLANG_WARN_INFINITE_RECURSION = YES;
				CLANG_WARN_INT_CONVERSION = YES;
				CLANG_WARN_NON_LITERAL_NULL_CONVERSION = YES;
				CLANG_WARN_OBJC_LITERAL_CONVERSION = YES;
				CLANG_WARN_OBJC_ROOT_CLASS = YES_ERROR;
				CLANG_WARN_RANGE_LOOP_ANALYSIS = YES;
				CLANG_WARN_STRICT_PROTOTYPES = YES;
				CLANG_WARN_SUSPICIOUS_MOVE = YES;
				CLANG_WARN_UNGUARDED_AVAILABILITY = YES_AGGRESSIVE;
				CLANG_WARN_UNREACHABLE_CODE = YES;
				CLANG_WARN__DUPLICATE_METHOD_MATCH = YES;
				CODE_SIGN_IDENTITY = "iPhone Developer";
				COPY_PHASE_STRIP = NO;
				DEBUG_INFORMATION_FORMAT = dwarf;
				ENABLE_STRICT_OBJC_MSGSEND = YES;
				ENABLE_TESTABILITY = YES;
				GCC_C_LANGUAGE_STANDARD = gnu11;
				GCC_DYNAMIC_NO_PIC = NO;
				GCC_NO_COMMON_BLOCKS = YES;
				GCC_OPTIMIZATION_LEVEL = 0;
				GCC_PREPROCESSOR_DEFINITIONS = (
					"DEBUG=1",
					"$(inherited)",
				);
				GCC_WARN_64_TO_32_BIT_CONVERSION = YES;
				GCC_WARN_ABOUT_RETURN_TYPE = YES_ERROR;
				GCC_WARN_UNDECLARED_SELECTOR = YES;
				GCC_WARN_UNINITIALIZED_AUTOS = YES_AGGRESSIVE;
				GCC_WARN_UNUSED_FUNCTION = YES;
				GCC_WARN_UNUSED_VARIABLE = YES;
				IPHONEOS_DEPLOYMENT_TARGET = 11.2;
				MTL_ENABLE_DEBUG_INFO = YES;
				ONLY_ACTIVE_ARCH = YES;
				SDKROOT = iphoneos;
				SWIFT_ACTIVE_COMPILATION_CONDITIONS = DEBUG;
				SWIFT_OPTIMIZATION_LEVEL = "-Onone";
			};
			name = Debug;
		};
		D6D491392003CB4F001A01D1 /* Release */ = {
			isa = XCBuildConfiguration;
			buildSettings = {
				ALWAYS_SEARCH_USER_PATHS = NO;
				CLANG_ANALYZER_NONNULL = YES;
				CLANG_ANALYZER_NUMBER_OBJECT_CONVERSION = YES_AGGRESSIVE;
				CLANG_CXX_LANGUAGE_STANDARD = "gnu++14";
				CLANG_CXX_LIBRARY = "libc++";
				CLANG_ENABLE_MODULES = YES;
				CLANG_ENABLE_OBJC_ARC = YES;
				CLANG_WARN_BLOCK_CAPTURE_AUTORELEASING = YES;
				CLANG_WARN_BOOL_CONVERSION = YES;
				CLANG_WARN_COMMA = YES;
				CLANG_WARN_CONSTANT_CONVERSION = YES;
				CLANG_WARN_DIRECT_OBJC_ISA_USAGE = YES_ERROR;
				CLANG_WARN_DOCUMENTATION_COMMENTS = YES;
				CLANG_WARN_EMPTY_BODY = YES;
				CLANG_WARN_ENUM_CONVERSION = YES;
				CLANG_WARN_INFINITE_RECURSION = YES;
				CLANG_WARN_INT_CONVERSION = YES;
				CLANG_WARN_NON_LITERAL_NULL_CONVERSION = YES;
				CLANG_WARN_OBJC_LITERAL_CONVERSION = YES;
				CLANG_WARN_OBJC_ROOT_CLASS = YES_ERROR;
				CLANG_WARN_RANGE_LOOP_ANALYSIS = YES;
				CLANG_WARN_STRICT_PROTOTYPES = YES;
				CLANG_WARN_SUSPICIOUS_MOVE = YES;
				CLANG_WARN_UNGUARDED_AVAILABILITY = YES_AGGRESSIVE;
				CLANG_WARN_UNREACHABLE_CODE = YES;
				CLANG_WARN__DUPLICATE_METHOD_MATCH = YES;
				CODE_SIGN_IDENTITY = "iPhone Developer";
				COPY_PHASE_STRIP = NO;
				DEBUG_INFORMATION_FORMAT = "dwarf-with-dsym";
				ENABLE_NS_ASSERTIONS = NO;
				ENABLE_STRICT_OBJC_MSGSEND = YES;
				GCC_C_LANGUAGE_STANDARD = gnu11;
				GCC_NO_COMMON_BLOCKS = YES;
				GCC_WARN_64_TO_32_BIT_CONVERSION = YES;
				GCC_WARN_ABOUT_RETURN_TYPE = YES_ERROR;
				GCC_WARN_UNDECLARED_SELECTOR = YES;
				GCC_WARN_UNINITIALIZED_AUTOS = YES_AGGRESSIVE;
				GCC_WARN_UNUSED_FUNCTION = YES;
				GCC_WARN_UNUSED_VARIABLE = YES;
				IPHONEOS_DEPLOYMENT_TARGET = 11.2;
				MTL_ENABLE_DEBUG_INFO = NO;
				SDKROOT = iphoneos;
				SWIFT_OPTIMIZATION_LEVEL = "-Owholemodule";
				VALIDATE_PRODUCT = YES;
			};
			name = Release;
		};
		D6D4913B2003CB4F001A01D1 /* Debug */ = {
			isa = XCBuildConfiguration;
			buildSettings = {
				ASSETCATALOG_COMPILER_APPICON_NAME = AppIcon;
				CODE_SIGN_STYLE = Automatic;
				DEVELOPMENT_TEAM = 4M5ZN5CV6L;
				INFOPLIST_FILE = Pingee/Info.plist;
				LD_RUNPATH_SEARCH_PATHS = "$(inherited) @executable_path/Frameworks";
				PRODUCT_BUNDLE_IDENTIFIER = com.imprivata.Pingee;
				PRODUCT_NAME = "$(TARGET_NAME)";
				SWIFT_VERSION = 4.0;
				TARGETED_DEVICE_FAMILY = "1,2";
			};
			name = Debug;
		};
		D6D4913C2003CB4F001A01D1 /* Release */ = {
			isa = XCBuildConfiguration;
			buildSettings = {
				ASSETCATALOG_COMPILER_APPICON_NAME = AppIcon;
				CODE_SIGN_STYLE = Automatic;
				DEVELOPMENT_TEAM = 4M5ZN5CV6L;
				INFOPLIST_FILE = Pingee/Info.plist;
				LD_RUNPATH_SEARCH_PATHS = "$(inherited) @executable_path/Frameworks";
				PRODUCT_BUNDLE_IDENTIFIER = com.imprivata.Pingee;
				PRODUCT_NAME = "$(TARGET_NAME)";
				SWIFT_VERSION = 4.0;
				TARGETED_DEVICE_FAMILY = "1,2";
			};
			name = Release;
		};
/* End XCBuildConfiguration section */

/* Begin XCConfigurationList section */
		D6D491232003CB4F001A01D1 /* Build configuration list for PBXProject "Pingee" */ = {
			isa = XCConfigurationList;
			buildConfigurations = (
				D6D491382003CB4F001A01D1 /* Debug */,
				D6D491392003CB4F001A01D1 /* Release */,
			);
			defaultConfigurationIsVisible = 0;
			defaultConfigurationName = Release;
		};
		D6D4913A2003CB4F001A01D1 /* Build configuration list for PBXNativeTarget "Pingee" */ = {
			isa = XCConfigurationList;
			buildConfigurations = (
				D6D4913B2003CB4F001A01D1 /* Debug */,
				D6D4913C2003CB4F001A01D1 /* Release */,
			);
			defaultConfigurationIsVisible = 0;
			defaultConfigurationName = Release;
		};
/* End XCConfigurationList section */
	};
	rootObject = D6D491202003CB4F001A01D1 /* Project object */;
}
